<?xml version="1.0" encoding="utf-8"?>
<Project ToolsVersion="4.0" xmlns="http://schemas.microsoft.com/developer/msbuild/2003">
  <ItemGroup>
    <Filter Include="Source Files">
      <UniqueIdentifier>{4FC737F1-C7A5-4376-A066-2A32D752A2FF}</UniqueIdentifier>
      <Extensions>cpp;c;cc;cxx;c++;cppm;ixx;def;odl;idl;hpj;bat;asm;asmx</Extensions>
    </Filter>
    <Filter Include="Header Files">
      <UniqueIdentifier>{93995380-89BD-4b04-88EB-625FBE52EBFB}</UniqueIdentifier>
      <Extensions>h;hh;hpp;hxx;h++;hm;inl;inc;ipp;xsd</Extensions>
    </Filter>
  </ItemGroup>
  <ItemGroup>
    <ClCompile Include="Ay_Apu.cpp">
      <Filter>Source Files</Filter>
    </ClCompile>
    <ClCompile Include="Ay_Cpu.cpp">
      <Filter>Source Files</Filter>
    </ClCompile>
    <ClCompile Include="Ay_Emu.cpp">
      <Filter>Source Files</Filter>
    </ClCompile>
    <ClCompile Include="Blip_Buffer.cpp">
      <Filter>Source Files</Filter>
    </ClCompile>
    <ClCompile Include="Classic_Emu.cpp">
      <Filter>Source Files</Filter>
    </ClCompile>
    <ClCompile Include="Data_Reader.cpp">
      <Filter>Source Files</Filter>
    </ClCompile>
    <ClCompile Include="Dual_Resampler.cpp">
      <Filter>Source Files</Filter>
    </ClCompile>
    <ClCompile Include="Effects_Buffer.cpp">
      <Filter>Source Files</Filter>
    </ClCompile>
    <ClCompile Include="Fir_Resampler.cpp">
      <Filter>Source Files</Filter>
    </ClCompile>
    <ClCompile Include="Gb_Apu.cpp">
      <Filter>Source Files</Filter>
    </ClCompile>
    <ClCompile Include="Gb_Cpu.cpp">
      <Filter>Source Files</Filter>
    </ClCompile>
    <ClCompile Include="Gb_Oscs.cpp">
      <Filter>Source Files</Filter>
    </ClCompile>
    <ClCompile Include="Gbs_Emu.cpp">
      <Filter>Source Files</Filter>
    </ClCompile>
    <ClCompile Include="gme.cpp">
      <Filter>Source Files</Filter>
    </ClCompile>
    <ClCompile Include="Gme_File.cpp">
      <Filter>Source Files</Filter>
    </ClCompile>
    <ClCompile Include="Gym_Emu.cpp">
      <Filter>Source Files</Filter>
    </ClCompile>
    <ClCompile Include="Hes_Apu.cpp">
      <Filter>Source Files</Filter>
    </ClCompile>
    <ClCompile Include="Hes_Cpu.cpp">
      <Filter>Source Files</Filter>
    </ClCompile>
    <ClCompile Include="Hes_Emu.cpp">
      <Filter>Source Files</Filter>
    </ClCompile>
    <ClCompile Include="Kss_Cpu.cpp">
      <Filter>Source Files</Filter>
    </ClCompile>
    <ClCompile Include="Kss_Emu.cpp">
      <Filter>Source Files</Filter>
    </ClCompile>
    <ClCompile Include="Kss_Scc_Apu.cpp">
      <Filter>Source Files</Filter>
    </ClCompile>
    <ClCompile Include="M3u_Playlist.cpp">
      <Filter>Source Files</Filter>
    </ClCompile>
    <ClCompile Include="Multi_Buffer.cpp">
      <Filter>Source Files</Filter>
    </ClCompile>
    <ClCompile Include="Music_Emu.cpp">
      <Filter>Source Files</Filter>
    </ClCompile>
    <ClCompile Include="Nes_Apu.cpp">
      <Filter>Source Files</Filter>
    </ClCompile>
    <ClCompile Include="Nes_Cpu.cpp">
      <Filter>Source Files</Filter>
    </ClCompile>
    <ClCompile Include="Nes_Fme7_Apu.cpp">
      <Filter>Source Files</Filter>
    </ClCompile>
    <ClCompile Include="Nes_Namco_Apu.cpp">
      <Filter>Source Files</Filter>
    </ClCompile>
    <ClCompile Include="Nes_Oscs.cpp">
      <Filter>Source Files</Filter>
    </ClCompile>
    <ClCompile Include="Nes_Vrc6_Apu.cpp">
      <Filter>Source Files</Filter>
    </ClCompile>
    <ClCompile Include="Nsf_Emu.cpp">
      <Filter>Source Files</Filter>
    </ClCompile>
    <ClCompile Include="Nsfe_Emu.cpp">
      <Filter>Source Files</Filter>
    </ClCompile>
    <ClCompile Include="Sap_Apu.cpp">
      <Filter>Source Files</Filter>
    </ClCompile>
    <ClCompile Include="Sap_Cpu.cpp">
      <Filter>Source Files</Filter>
    </ClCompile>
    <ClCompile Include="Sap_Emu.cpp">
      <Filter>Source Files</Filter>
    </ClCompile>
    <ClCompile Include="Sms_Apu.cpp">
      <Filter>Source Files</Filter>
    </ClCompile>
    <ClCompile Include="Snes_Spc.cpp">
      <Filter>Source Files</Filter>
    </ClCompile>
    <ClCompile Include="Spc_Cpu.cpp">
      <Filter>Source Files</Filter>
    </ClCompile>
    <ClCompile Include="Spc_Dsp.cpp">
      <Filter>Source Files</Filter>
    </ClCompile>
    <ClCompile Include="Spc_Emu.cpp">
      <Filter>Source Files</Filter>
    </ClCompile>
    <ClCompile Include="Spc_Filter.cpp">
      <Filter>Source Files</Filter>
    </ClCompile>
    <ClCompile Include="Vgm_Emu.cpp">
      <Filter>Source Files</Filter>
    </ClCompile>
    <ClCompile Include="Vgm_Emu_Impl.cpp">
      <Filter>Source Files</Filter>
    </ClCompile>
    <ClCompile Include="Ym2413_Emu.cpp">
      <Filter>Source Files</Filter>
    </ClCompile>
    <ClCompile Include="Ym2612_GENS.cpp">
      <Filter>Source Files</Filter>
    </ClCompile>
    <ClCompile Include="Ym2612_MAME.cpp">
      <Filter>Source Files</Filter>
    </ClCompile>
    <ClCompile Include="Ym2612_Nuked.cpp">
      <Filter>Source Files</Filter>
    </ClCompile>
  </ItemGroup>
  <ItemGroup>
    <ClInclude Include="Ay_Apu.h">
      <Filter>Header Files</Filter>
    </ClInclude>
    <ClInclude Include="Ay_Cpu.h">
      <Filter>Header Files</Filter>
    </ClInclude>
    <ClInclude Include="Ay_Emu.h">
      <Filter>Header Files</Filter>
    </ClInclude>
    <ClInclude Include="blargg_common.h">
      <Filter>Header Files</Filter>
    </ClInclude>
    <ClInclude Include="blargg_config.h">
      <Filter>Header Files</Filter>
    </ClInclude>
    <ClInclude Include="blargg_endian.h">
      <Filter>Header Files</Filter>
    </ClInclude>
    <ClInclude Include="blargg_source.h">
      <Filter>Header Files</Filter>
    </ClInclude>
    <ClInclude Include="Blip_Buffer.h">
      <Filter>Header Files</Filter>
    </ClInclude>
    <ClInclude Include="Classic_Emu.h">
      <Filter>Header Files</Filter>
    </ClInclude>
    <ClInclude Include="Data_Reader.h">
      <Filter>Header Files</Filter>
    </ClInclude>
    <ClInclude Include="Dual_Resampler.h">
      <Filter>Header Files</Filter>
    </ClInclude>
    <ClInclude Include="Effects_Buffer.h">
      <Filter>Header Files</Filter>
    </ClInclude>
    <ClInclude Include="Fir_Resampler.h">
      <Filter>Header Files</Filter>
    </ClInclude>
    <ClInclude Include="Gb_Apu.h">
      <Filter>Header Files</Filter>
    </ClInclude>
    <ClInclude Include="Gb_Cpu.h">
      <Filter>Header Files</Filter>
    </ClInclude>
    <ClInclude Include="gb_cpu_io.h">
      <Filter>Header Files</Filter>
    </ClInclude>
    <ClInclude Include="Gb_Oscs.h">
      <Filter>Header Files</Filter>
    </ClInclude>
    <ClInclude Include="Gbs_Emu.h">
      <Filter>Header Files</Filter>
    </ClInclude>
    <ClInclude Include="gme.h">
      <Filter>Header Files</Filter>
    </ClInclude>
    <ClInclude Include="Gme_File.h">
      <Filter>Header Files</Filter>
    </ClInclude>
    <ClInclude Include="gme_types.h">
      <Filter>Header Files</Filter>
    </ClInclude>
    <ClInclude Include="Gym_Emu.h">
      <Filter>Header Files</Filter>
    </ClInclude>
    <ClInclude Include="Hes_Apu.h">
      <Filter>Header Files</Filter>
    </ClInclude>
    <ClInclude Include="Hes_Cpu.h">
      <Filter>Header Files</Filter>
    </ClInclude>
    <ClInclude Include="hes_cpu_io.h">
      <Filter>Header Files</Filter>
    </ClInclude>
    <ClInclude Include="Hes_Emu.h">
      <Filter>Header Files</Filter>
    </ClInclude>
    <ClInclude Include="Kss_Cpu.h">
      <Filter>Header Files</Filter>
    </ClInclude>
    <ClInclude Include="Kss_Emu.h">
      <Filter>Header Files</Filter>
    </ClInclude>
    <ClInclude Include="Kss_Scc_Apu.h">
      <Filter>Header Files</Filter>
    </ClInclude>
    <ClInclude Include="M3u_Playlist.h">
      <Filter>Header Files</Filter>
    </ClInclude>
    <ClInclude Include="Multi_Buffer.h">
      <Filter>Header Files</Filter>
    </ClInclude>
    <ClInclude Include="Music_Emu.h">
      <Filter>Header Files</Filter>
    </ClInclude>
    <ClInclude Include="Nes_Apu.h">
      <Filter>Header Files</Filter>
    </ClInclude>
    <ClInclude Include="Nes_Cpu.h">
      <Filter>Header Files</Filter>
    </ClInclude>
    <ClInclude Include="nes_cpu_io.h">
      <Filter>Header Files</Filter>
    </ClInclude>
    <ClInclude Include="Nes_Fme7_Apu.h">
      <Filter>Header Files</Filter>
    </ClInclude>
    <ClInclude Include="Nes_Namco_Apu.h">
      <Filter>Header Files</Filter>
    </ClInclude>
    <ClInclude Include="Nes_Oscs.h">
      <Filter>Header Files</Filter>
    </ClInclude>
    <ClInclude Include="Nes_Vrc6_Apu.h">
      <Filter>Header Files</Filter>
    </ClInclude>
    <ClInclude Include="Nsf_Emu.h">
      <Filter>Header Files</Filter>
    </ClInclude>
    <ClInclude Include="Nsfe_Emu.h">
      <Filter>Header Files</Filter>
    </ClInclude>
    <ClInclude Include="Sap_Apu.h">
      <Filter>Header Files</Filter>
    </ClInclude>
    <ClInclude Include="Sap_Cpu.h">
      <Filter>Header Files</Filter>
    </ClInclude>
    <ClInclude Include="sap_cpu_io.h">
      <Filter>Header Files</Filter>
    </ClInclude>
    <ClInclude Include="Sap_Emu.h">
      <Filter>Header Files</Filter>
    </ClInclude>
    <ClInclude Include="Sms_Apu.h">
      <Filter>Header Files</Filter>
    </ClInclude>
    <ClInclude Include="Sms_Oscs.h">
      <Filter>Header Files</Filter>
    </ClInclude>
    <ClInclude Include="Snes_Spc.h">
      <Filter>Header Files</Filter>
    </ClInclude>
    <ClInclude Include="Spc_Cpu.h">
      <Filter>Header Files</Filter>
    </ClInclude>
    <ClInclude Include="Spc_Dsp.h">
      <Filter>Header Files</Filter>
    </ClInclude>
    <ClInclude Include="Spc_Emu.h">
      <Filter>Header Files</Filter>
    </ClInclude>
    <ClInclude Include="Spc_Filter.h">
      <Filter>Header Files</Filter>
    </ClInclude>
    <ClInclude Include="Vgm_Emu.h">
      <Filter>Header Files</Filter>
    </ClInclude>
    <ClInclude Include="Vgm_Emu_Impl.h">
      <Filter>Header Files</Filter>
    </ClInclude>
    <ClInclude Include="Ym2413_Emu.h">
      <Filter>Header Files</Filter>
    </ClInclude>
    <ClInclude Include="Ym2612_Emu.h">
      <Filter>Header Files</Filter>
    </ClInclude>
    <ClInclude Include="Ym2612_GENS.h">
      <Filter>Header Files</Filter>
    </ClInclude>
    <ClInclude Include="Ym2612_MAME.h">
      <Filter>Header Files</Filter>
    </ClInclude>
    <ClInclude Include="Ym2612_Nuked.h">
      <Filter>Header Files</Filter>
    </ClInclude>
  </ItemGroup>
</Project>